lockfileVersion: 5.3

specifiers:
  '@eva/eva.js': ^1.2.8
  '@eva/plugin-renderer': ^1.2.8
  '@eva/plugin-renderer-event': ^1.2.8
  '@eva/plugin-renderer-graphics': ^1.2.8
  '@eva/plugin-renderer-img': ^1.2.8
  '@eva/plugin-renderer-render': ^1.2.8
  '@eva/plugin-renderer-sprite': ^1.2.8
  '@eva/plugin-renderer-sprite-animation': ^1.2.8
  '@eva/plugin-renderer-text': ^1.2.8
  '@eva/plugin-sound': ^1.2.8
  '@eva/plugin-stats': ^1.2.8
  '@eva/plugin-transition': ^1.2.8
  '@eva/renderer-adapter': ^1.2.8
  '@types/node': ^18.14.0
  typescript: ^4.9.3
  vite: ^4.1.0

dependencies:
  '@eva/eva.js': 1.2.8
  '@eva/plugin-renderer': 1.2.8
  '@eva/plugin-renderer-event': 1.2.8
  '@eva/plugin-renderer-graphics': 1.2.8
  '@eva/plugin-renderer-img': 1.2.8
  '@eva/plugin-renderer-render': 1.2.8
  '@eva/plugin-renderer-sprite': 1.2.8
  '@eva/plugin-renderer-sprite-animation': 1.2.8
  '@eva/plugin-renderer-text': 1.2.8
  '@eva/plugin-sound': 1.2.8
  '@eva/plugin-stats': 1.2.8
  '@eva/plugin-transition': 1.2.8
  '@eva/renderer-adapter': 1.2.8

devDependencies:
  '@types/node': 18.14.0
  typescript: 4.9.5
  vite: 4.1.1_@types+node@18.14.0

packages:

  /@esbuild/android-arm/0.16.17:
    resolution: {integrity: sha512-N9x1CMXVhtWEAMS7pNNONyA14f71VPQN9Cnavj1XQh6T7bskqiLLrSca4O0Vr8Wdcga943eThxnVp3JLnBMYtw==}
    engines: {node: '>=12'}
    cpu: [arm]
    os: [android]
    requiresBuild: true
    dev: true
    optional: true

  /@esbuild/android-arm64/0.16.17:
    resolution: {integrity: sha512-MIGl6p5sc3RDTLLkYL1MyL8BMRN4tLMRCn+yRJJmEDvYZ2M7tmAf80hx1kbNEUX2KJ50RRtxZ4JHLvCfuB6kBg==}
    engines: {node: '>=12'}
    cpu: [arm64]
    os: [android]
    requiresBuild: true
    dev: true
    optional: true

  /@esbuild/android-x64/0.16.17:
    resolution: {integrity: sha512-a3kTv3m0Ghh4z1DaFEuEDfz3OLONKuFvI4Xqczqx4BqLyuFaFkuaG4j2MtA6fuWEFeC5x9IvqnX7drmRq/fyAQ==}
    engines: {node: '>=12'}
    cpu: [x64]
    os: [android]
    requiresBuild: true
    dev: true
    optional: true

  /@esbuild/darwin-arm64/0.16.17:
    resolution: {integrity: sha512-/2agbUEfmxWHi9ARTX6OQ/KgXnOWfsNlTeLcoV7HSuSTv63E4DqtAc+2XqGw1KHxKMHGZgbVCZge7HXWX9Vn+w==}
    engines: {node: '>=12'}
    cpu: [arm64]
    os: [darwin]
    requiresBuild: true
    dev: true
    optional: true

  /@esbuild/darwin-x64/0.16.17:
    resolution: {integrity: sha512-2By45OBHulkd9Svy5IOCZt376Aa2oOkiE9QWUK9fe6Tb+WDr8hXL3dpqi+DeLiMed8tVXspzsTAvd0jUl96wmg==}
    engines: {node: '>=12'}
    cpu: [x64]
    os: [darwin]
    requiresBuild: true
    dev: true
    optional: true

  /@esbuild/freebsd-arm64/0.16.17:
    resolution: {integrity: sha512-mt+cxZe1tVx489VTb4mBAOo2aKSnJ33L9fr25JXpqQqzbUIw/yzIzi+NHwAXK2qYV1lEFp4OoVeThGjUbmWmdw==}
    engines: {node: '>=12'}
    cpu: [arm64]
    os: [freebsd]
    requiresBuild: true
    dev: true
    optional: true

  /@esbuild/freebsd-x64/0.16.17:
    resolution: {integrity: sha512-8ScTdNJl5idAKjH8zGAsN7RuWcyHG3BAvMNpKOBaqqR7EbUhhVHOqXRdL7oZvz8WNHL2pr5+eIT5c65kA6NHug==}
    engines: {node: '>=12'}
    cpu: [x64]
    os: [freebsd]
    requiresBuild: true
    dev: true
    optional: true

  /@esbuild/linux-arm/0.16.17:
    resolution: {integrity: sha512-iihzrWbD4gIT7j3caMzKb/RsFFHCwqqbrbH9SqUSRrdXkXaygSZCZg1FybsZz57Ju7N/SHEgPyaR0LZ8Zbe9gQ==}
    engines: {node: '>=12'}
    cpu: [arm]
    os: [linux]
    requiresBuild: true
    dev: true
    optional: true

  /@esbuild/linux-arm64/0.16.17:
    resolution: {integrity: sha512-7S8gJnSlqKGVJunnMCrXHU9Q8Q/tQIxk/xL8BqAP64wchPCTzuM6W3Ra8cIa1HIflAvDnNOt2jaL17vaW+1V0g==}
    engines: {node: '>=12'}
    cpu: [arm64]
    os: [linux]
    requiresBuild: true
    dev: true
    optional: true

  /@esbuild/linux-ia32/0.16.17:
    resolution: {integrity: sha512-kiX69+wcPAdgl3Lonh1VI7MBr16nktEvOfViszBSxygRQqSpzv7BffMKRPMFwzeJGPxcio0pdD3kYQGpqQ2SSg==}
    engines: {node: '>=12'}
    cpu: [ia32]
    os: [linux]
    requiresBuild: true
    dev: true
    optional: true

  /@esbuild/linux-loong64/0.16.17:
    resolution: {integrity: sha512-dTzNnQwembNDhd654cA4QhbS9uDdXC3TKqMJjgOWsC0yNCbpzfWoXdZvp0mY7HU6nzk5E0zpRGGx3qoQg8T2DQ==}
    engines: {node: '>=12'}
    cpu: [loong64]
    os: [linux]
    requiresBuild: true
    dev: true
    optional: true

  /@esbuild/linux-mips64el/0.16.17:
    resolution: {integrity: sha512-ezbDkp2nDl0PfIUn0CsQ30kxfcLTlcx4Foz2kYv8qdC6ia2oX5Q3E/8m6lq84Dj/6b0FrkgD582fJMIfHhJfSw==}
    engines: {node: '>=12'}
    cpu: [mips64el]
    os: [linux]
    requiresBuild: true
    dev: true
    optional: true

  /@esbuild/linux-ppc64/0.16.17:
    resolution: {integrity: sha512-dzS678gYD1lJsW73zrFhDApLVdM3cUF2MvAa1D8K8KtcSKdLBPP4zZSLy6LFZ0jYqQdQ29bjAHJDgz0rVbLB3g==}
    engines: {node: '>=12'}
    cpu: [ppc64]
    os: [linux]
    requiresBuild: true
    dev: true
    optional: true

  /@esbuild/linux-riscv64/0.16.17:
    resolution: {integrity: sha512-ylNlVsxuFjZK8DQtNUwiMskh6nT0vI7kYl/4fZgV1llP5d6+HIeL/vmmm3jpuoo8+NuXjQVZxmKuhDApK0/cKw==}
    engines: {node: '>=12'}
    cpu: [riscv64]
    os: [linux]
    requiresBuild: true
    dev: true
    optional: true

  /@esbuild/linux-s390x/0.16.17:
    resolution: {integrity: sha512-gzy7nUTO4UA4oZ2wAMXPNBGTzZFP7mss3aKR2hH+/4UUkCOyqmjXiKpzGrY2TlEUhbbejzXVKKGazYcQTZWA/w==}
    engines: {node: '>=12'}
    cpu: [s390x]
    os: [linux]
    requiresBuild: true
    dev: true
    optional: true

  /@esbuild/linux-x64/0.16.17:
    resolution: {integrity: sha512-mdPjPxfnmoqhgpiEArqi4egmBAMYvaObgn4poorpUaqmvzzbvqbowRllQ+ZgzGVMGKaPkqUmPDOOFQRUFDmeUw==}
    engines: {node: '>=12'}
    cpu: [x64]
    os: [linux]
    requiresBuild: true
    dev: true
    optional: true

  /@esbuild/netbsd-x64/0.16.17:
    resolution: {integrity: sha512-/PzmzD/zyAeTUsduZa32bn0ORug+Jd1EGGAUJvqfeixoEISYpGnAezN6lnJoskauoai0Jrs+XSyvDhppCPoKOA==}
    engines: {node: '>=12'}
    cpu: [x64]
    os: [netbsd]
    requiresBuild: true
    dev: true
    optional: true

  /@esbuild/openbsd-x64/0.16.17:
    resolution: {integrity: sha512-2yaWJhvxGEz2RiftSk0UObqJa/b+rIAjnODJgv2GbGGpRwAfpgzyrg1WLK8rqA24mfZa9GvpjLcBBg8JHkoodg==}
    engines: {node: '>=12'}
    cpu: [x64]
    os: [openbsd]
    requiresBuild: true
    dev: true
    optional: true

  /@esbuild/sunos-x64/0.16.17:
    resolution: {integrity: sha512-xtVUiev38tN0R3g8VhRfN7Zl42YCJvyBhRKw1RJjwE1d2emWTVToPLNEQj/5Qxc6lVFATDiy6LjVHYhIPrLxzw==}
    engines: {node: '>=12'}
    cpu: [x64]
    os: [sunos]
    requiresBuild: true
    dev: true
    optional: true

  /@esbuild/win32-arm64/0.16.17:
    resolution: {integrity: sha512-ga8+JqBDHY4b6fQAmOgtJJue36scANy4l/rL97W+0wYmijhxKetzZdKOJI7olaBaMhWt8Pac2McJdZLxXWUEQw==}
    engines: {node: '>=12'}
    cpu: [arm64]
    os: [win32]
    requiresBuild: true
    dev: true
    optional: true

  /@esbuild/win32-ia32/0.16.17:
    resolution: {integrity: sha512-WnsKaf46uSSF/sZhwnqE4L/F89AYNMiD4YtEcYekBt9Q7nj0DiId2XH2Ng2PHM54qi5oPrQ8luuzGszqi/veig==}
    engines: {node: '>=12'}
    cpu: [ia32]
    os: [win32]
    requiresBuild: true
    dev: true
    optional: true

  /@esbuild/win32-x64/0.16.17:
    resolution: {integrity: sha512-y+EHuSchhL7FjHgvQL/0fnnFmO4T1bhvWANX6gcnqTjtnKWbTvUMCpGnv2+t+31d7RzyEAYAd4u2fnIhHL6N/Q==}
    engines: {node: '>=12'}
    cpu: [x64]
    os: [win32]
    requiresBuild: true
    dev: true
    optional: true

  /@eva/eva.js/1.2.8:
    resolution: {integrity: sha512-PIItsHM5wkpb4vvPazHWAdZ+DnQoljlixNmTeyNszPnKWgf+ag/7wT2Yg/eKFMLKN+CTnVraYhdqAJGmTshYrg==}
    dependencies:
      '@eva/inspector-decorator': 0.0.5
      eventemitter3: 3.1.2
      lodash-es: 4.17.21
      mini-signals: 1.2.0
      parse-uri: 1.0.7
      resource-loader: 4.0.0-rc4
      sprite-timeline: 1.10.2
    dev: false

  /@eva/inspector-decorator/0.0.5:
    resolution: {integrity: sha512-p9GB853nY/PGLbglSpaCY2kFNQcdaocvk48ZwJqokSDwq5jSrC2L7DHom3DcfcNkf2FxMtKkT3tftYXxDKwt/g==}
    engines: {node: '>=14.14.0'}
    dev: false

  /@eva/plugin-renderer-event/1.2.8:
    resolution: {integrity: sha512-2g7Pj0jpAHPEM7u6Iz8hEhWdhAQJ+sgdSJ2kBKnlfXMl6x2AtZ/YpprwmFvoeR++WweSSMWXD9spUkDVPB0D5g==}
    dependencies:
      '@eva/eva.js': 1.2.8
      '@eva/plugin-renderer': 1.2.8
      pixi.js: 4.8.9
    dev: false

  /@eva/plugin-renderer-graphics/1.2.8:
    resolution: {integrity: sha512-mLHpBgq27MX8UOM/RxqVPTH8U3lhiOupqkE+phmMm2ezMdSv1QZd2N8ChUGTg+FgzK+SXi7E6h0BJcsqVu6MCQ==}
    dependencies:
      '@eva/eva.js': 1.2.8
      '@eva/plugin-renderer': 1.2.8
    dev: false

  /@eva/plugin-renderer-img/1.2.8:
    resolution: {integrity: sha512-99diMOBTPJnn6cIi/gx6wNsHGdItQJT4JgyAxvNPAxY+I7MyW7JdSRBWmzJnx8cZ4s+5yhmw8ga8JhhCyuJvfA==}
    dependencies:
      '@eva/eva.js': 1.2.8
      '@eva/inspector-decorator': 0.0.5
      '@eva/plugin-renderer': 1.2.8
      '@eva/renderer-adapter': 1.2.8
      pixi.js: 4.8.9
    dev: false

  /@eva/plugin-renderer-render/1.2.8:
    resolution: {integrity: sha512-EKShuz+j7i63qonn8HEawrlVy3W1Z8GkSo+p7lRn0xmP6GcXK5Zv1pWRe6pskuIuiB97+9doAOEntt465ZHxZA==}
    dependencies:
      '@eva/eva.js': 1.2.8
      '@eva/inspector-decorator': 0.0.5
      '@eva/plugin-renderer': 1.2.8
      '@eva/renderer-adapter': 1.2.8
      pixi.js: 4.8.9
    dev: false

  /@eva/plugin-renderer-sprite-animation/1.2.8:
    resolution: {integrity: sha512-bjRF8A3dicBUELAyk+HcTD4NGaYDfpXvnQgNTmNV+Bkwg3EOZOzSKYF2x+t8r4XfnFjEf/tt0TXf7ne5cDbEMA==}
    dependencies:
      '@eva/eva.js': 1.2.8
      '@eva/inspector-decorator': 0.0.5
      '@eva/plugin-renderer': 1.2.8
      '@eva/renderer-adapter': 1.2.8
      pixi.js: 4.8.9
    dev: false

  /@eva/plugin-renderer-sprite/1.2.8:
    resolution: {integrity: sha512-6I5ultMG8CNq/hsvWW45EAUPVKgqGleyiiilfBgE+gD253mdcpBbE6xGVs1oKwLMJED0Ahxrv0OdAstjbgsDyw==}
    dependencies:
      '@eva/eva.js': 1.2.8
      '@eva/inspector-decorator': 0.0.5
      '@eva/plugin-renderer': 1.2.8
      pixi.js: 4.8.9
    dev: false

  /@eva/plugin-renderer-text/1.2.8:
    resolution: {integrity: sha512-vZu953kei1t3jxrLWkdRJJ3fX2GS0G1879CJ7ln65x1VoL4uXMxYFgWaOQRGtEvQ/FqllikZTafhR6jmpM3D1Q==}
    dependencies:
      '@eva/eva.js': 1.2.8
      '@eva/inspector-decorator': 0.0.5
      '@eva/plugin-renderer': 1.2.8
      '@eva/renderer-adapter': 1.2.8
      pixi.js: 4.8.9
    dev: false

  /@eva/plugin-renderer/1.2.8:
    resolution: {integrity: sha512-OGBkSTWfFJsXt1KvW+zQUktCmyZ0fW9jU1FCTnXyGQo6PBh21NaaFSOXLbHTFmFtio02jSk4L/bRcw+/ym5qOA==}
    dependencies:
      '@eva/eva.js': 1.2.8
      '@eva/renderer-adapter': 1.2.8
      '@types/pixi.js': 4.8.9
      eventemitter3: 3.1.2
      lodash-es: 4.17.21
      pixi.js: 4.8.9
    dev: false

  /@eva/plugin-sound/1.2.8:
    resolution: {integrity: sha512-Ku/vL8ZZHqfPMFLZ9Jyqvy3DpVin2dlHc1hiZmBX8yjslgJaakpVr8W3Vegsp3yQpYGK1/+alCWG20bGs25v+Q==}
    dependencies:
      '@eva/eva.js': 1.2.8
      eventemitter3: 3.1.2
    dev: false

  /@eva/plugin-stats/1.2.8:
    resolution: {integrity: sha512-uk6Dl7AeL1e363bQjxW0oonl0dHnUsJPJJ2bO1psvOVqCk7Fipo6/kQh398vOJJpRUQ/AR50Xml8cWiPkV4kcA==}
    dependencies:
      '@eva/eva.js': 1.2.8
      lodash-es: 4.17.21
    dev: false

  /@eva/plugin-transition/1.2.8:
    resolution: {integrity: sha512-3ojLWKYniTUlDcfmJ+cU3seaKEu20DadkNVgXuytaIvHAvkNiSqG64PiuxwGqixI/CORXQNFM+pN45WI8num4g==}
    dependencies:
      '@eva/eva.js': 1.2.8
      '@tweenjs/tween.js': 18.6.4
      sprite-timeline: 1.10.2
    dev: false

  /@eva/renderer-adapter/1.2.8:
    resolution: {integrity: sha512-GGVGn9Pq4A5CYmgis+xJ5bqvhm3eE0gxuk2MEXiG9RjX5DDs900OnScJ190Dl0ftRSgvhg3Q0HTedq6CLxpGhw==}
    dependencies:
      '@types/pixi.js': 4.8.9
      pixi.js: 4.8.9
    dev: false

  /@tweenjs/tween.js/18.6.4:
    resolution: {integrity: sha512-lB9lMjuqjtuJrx7/kOkqQBtllspPIN+96OvTCeJ2j5FEzinoAXTdAMFnDAQT1KVPRlnYfBrqxtqP66vDM40xxQ==}
    dev: false

  /@types/node/18.14.0:
    resolution: {integrity: sha512-5EWrvLmglK+imbCJY0+INViFWUHg1AHel1sq4ZVSfdcNqGy9Edv3UB9IIzzg+xPaUcAgZYcfVs2fBcwDeZzU0A==}
    dev: true

  /@types/pixi.js/4.8.9:
    resolution: {integrity: sha512-PCqd9/TaGOAqg73u8cQKH2sg8pdkRzU6VKu8lWrV+/+p5QiDRtrT8chY5yveVM8A/hWLNtvIQlWpojDomTSNQQ==}
    dev: false

  /babel-runtime/6.26.0:
    resolution: {integrity: sha512-ITKNuq2wKlW1fJg9sSW52eepoYgZBggvOAHC0u/CYu/qxQ9EVzThCgR69BnSXLHjy2f7SY5zaQ4yt7H9ZVxY2g==}
    dependencies:
      core-js: 2.6.12
      regenerator-runtime: 0.11.1
    dev: false

  /bit-twiddle/1.0.2:
    resolution: {integrity: sha512-B9UhK0DKFZhoTFcfvAzhqsjStvGJp9vYWf3+6SNTtdSQnvIgfkHbgHrg/e4+TH71N2GDu8tpmCVoyfrL1d7ntA==}
    dev: false

  /core-js/2.6.12:
    resolution: {integrity: sha512-Kb2wC0fvsWfQrgk8HU5lW6U/Lcs8+9aaYcy4ZFc6DDlo4nZ7n70dEgE5rtR0oG6ufKDUnrwfWL1mXR5ljDatrQ==}
    deprecated: core-js@<3.23.3 is no longer maintained and not recommended for usage due to the number of issues. Because of the V8 engine whims, feature detection in old core-js versions could cause a slowdown up to 100x even if nothing is polyfilled. Some versions have web compatibility issues. Please, upgrade your dependencies to the actual version of core-js.
    requiresBuild: true
    dev: false

  /earcut/2.2.4:
    resolution: {integrity: sha512-/pjZsA1b4RPHbeWZQn66SWS8nZZWLQQ23oE3Eam7aroEFGEvwKAsJfZ9ytiEMycfzXWpca4FA9QIOehf7PocBQ==}
    dev: false

  /esbuild/0.16.17:
    resolution: {integrity: sha512-G8LEkV0XzDMNwXKgM0Jwu3nY3lSTwSGY6XbxM9cr9+s0T/qSV1q1JVPBGzm3dcjhCic9+emZDmMffkwgPeOeLg==}
    engines: {node: '>=12'}
    hasBin: true
    requiresBuild: true
    optionalDependencies:
      '@esbuild/android-arm': 0.16.17
      '@esbuild/android-arm64': 0.16.17
      '@esbuild/android-x64': 0.16.17
      '@esbuild/darwin-arm64': 0.16.17
      '@esbuild/darwin-x64': 0.16.17
      '@esbuild/freebsd-arm64': 0.16.17
      '@esbuild/freebsd-x64': 0.16.17
      '@esbuild/linux-arm': 0.16.17
      '@esbuild/linux-arm64': 0.16.17
      '@esbuild/linux-ia32': 0.16.17
      '@esbuild/linux-loong64': 0.16.17
      '@esbuild/linux-mips64el': 0.16.17
      '@esbuild/linux-ppc64': 0.16.17
      '@esbuild/linux-riscv64': 0.16.17
      '@esbuild/linux-s390x': 0.16.17
      '@esbuild/linux-x64': 0.16.17
      '@esbuild/netbsd-x64': 0.16.17
      '@esbuild/openbsd-x64': 0.16.17
      '@esbuild/sunos-x64': 0.16.17
      '@esbuild/win32-arm64': 0.16.17
      '@esbuild/win32-ia32': 0.16.17
      '@esbuild/win32-x64': 0.16.17
    dev: true

  /eventemitter3/2.0.3:
    resolution: {integrity: sha512-jLN68Dx5kyFHaePoXWPsCGW5qdyZQtLYHkxkg02/Mz6g0kYpDx4FyP6XfArhQdlOC4b8Mv+EMxPo/8La7Tzghg==}
    dev: false

  /eventemitter3/3.1.2:
    resolution: {integrity: sha512-tvtQIeLVHjDkJYnzf2dgVMxfuSGJeM/7UCG17TT4EumTfNtF+0nebF/4zWOIkCreAbtNqhGEboB6BWrwqNaw4Q==}
    dev: false

  /fsevents/2.3.2:
    resolution: {integrity: sha512-xiqMQR4xAeHTuB9uWm+fFRcIOgKBMiOBP+eXiyT7jsgVCq1bkVygt00oASowB7EdtpOHaaPgKt812P9ab+DDKA==}
    engines: {node: ^8.16.0 || ^10.6.0 || >=11.0.0}
    os: [darwin]
    requiresBuild: true
    dev: true
    optional: true

  /function-bind/1.1.1:
    resolution: {integrity: sha512-yIovAzMX49sF8Yl58fSCWJ5svSLuaibPxXQJFLmBObTuCr0Mf1KiPopGM9NiFjiYBCbfaa2Fh6breQ6ANVTI0A==}
    dev: true

  /has/1.0.3:
    resolution: {integrity: sha512-f2dvO0VU6Oej7RkWJGrehjbzMAjFp5/VKPp5tTpWIV4JHHZK1/BxbFRtf/siA2SWTe09caDmVtYYzWEIbBS4zw==}
    engines: {node: '>= 0.4.0'}
    dependencies:
      function-bind: 1.1.1
    dev: true

  /is-core-module/2.11.0:
    resolution: {integrity: sha512-RRjxlvLDkD1YJwDbroBHMb+cukurkDWNyHx7D3oNB5x9rb5ogcksMC5wHCadcXoo67gVr/+3GFySh3134zi6rw==}
    dependencies:
      has: 1.0.3
    dev: true

  /ismobilejs/0.5.2:
    resolution: {integrity: sha512-ta9UdV60xVZk/ZafFtSFslQaE76SvNkcs1r73d2PVR21zVzx9xuYv9tNe4MxA1NN7WoeCc2RjGot3Bz1eHDx3Q==}
    dev: false

  /lodash-es/4.17.21:
    resolution: {integrity: sha512-mKnC+QJ9pWVzv+C4/U3rRsHapFfHvQFoFB92e52xeyGMcX6/OlIl78je1u8vePzYZSkkogMPJ2yjxxsb89cxyw==}
    dev: false

  /mini-signals/1.2.0:
    resolution: {integrity: sha512-alffqMkGCjjTSwvYMVLx+7QeJ6sTuxbXqBkP21my4iWU5+QpTQAJt3h7htA1OKm9F3BpMM0vnu72QIoiJakrLA==}
    dev: false

  /nanoid/3.3.4:
    resolution: {integrity: sha512-MqBkQh/OHTS2egovRtLk45wEyNXwF+cokD+1YPf9u5VfJiRdAiRwB2froX5Co9Rh20xs4siNPm8naNotSD6RBw==}
    engines: {node: ^10 || ^12 || ^13.7 || ^14 || >=15.0.1}
    hasBin: true
    dev: true

  /object-assign/4.1.1:
    resolution: {integrity: sha512-rJgTQnkUnH1sFw8yT6VSU3zD3sWmu6sZhIseY8VX+GRu3P6F7Fu+JNDoXfklElbLJSnc3FUQHVe4cU5hj+BcUg==}
    engines: {node: '>=0.10.0'}
    dev: false

  /parse-uri/1.0.7:
    resolution: {integrity: sha512-eWuZCMKNlVkXrEoANdXxbmqhu2SQO9jUMCSpdbJDObin0JxISn6e400EWsSRbr/czdKvWKkhZnMKEGUwf/Plmg==}
    engines: {node: '>= 0.10'}
    dev: false

  /path-parse/1.0.7:
    resolution: {integrity: sha512-LDJzPVEEEPR+y48z93A0Ed0yXb8pAByGWo/k5YYdYgpY2/2EsOsksJrq7lOHxryrVOn1ejG6oAp8ahvOIQD8sw==}
    dev: true

  /picocolors/1.0.0:
    resolution: {integrity: sha512-1fygroTLlHu66zi26VoTDv8yRgm0Fccecssto+MhsZ0D/DGW2sm8E8AjW7NU5VVTRt5GxbeZ5qBuJr+HyLYkjQ==}
    dev: true

  /pixi-gl-core/1.1.4:
    resolution: {integrity: sha512-dGLwg7664yASpT1insVUexNTMVEtvPZh/eDoXu8QUBoq2CY1Fc8axNwR+qbS1aJ8vj6y/TfWiOEaOSyNH41txw==}
    dev: false

  /pixi.js/4.8.9:
    resolution: {integrity: sha512-YcepG5/bXLAVTSTXaMIU9NeSzwyPq/oMu2oQi6L6iE5giwng02ixVCKgc6/eMv3zl2Ho+teSOLC8R5Wp3jBvLA==}
    dependencies:
      bit-twiddle: 1.0.2
      earcut: 2.2.4
      eventemitter3: 2.0.3
      ismobilejs: 0.5.2
      object-assign: 4.1.1
      pixi-gl-core: 1.1.4
      remove-array-items: 1.1.1
      resource-loader: 2.2.4
    dev: false

  /postcss/8.4.21:
    resolution: {integrity: sha512-tP7u/Sn/dVxK2NnruI4H9BG+x+Wxz6oeZ1cJ8P6G/PZY0IKk4k/63TDsQf2kQq3+qoJeLm2kIBUNlZe3zgb4Zg==}
    engines: {node: ^10 || ^12 || >=14}
    dependencies:
      nanoid: 3.3.4
      picocolors: 1.0.0
      source-map-js: 1.0.2
    dev: true

  /regenerator-runtime/0.11.1:
    resolution: {integrity: sha512-MguG95oij0fC3QV3URf4V2SDYGJhJnJGqvIIgdECeODCT98wSWDAJ94SSuVpYQUoTcGUIL6L4yNB7j1DFFHSBg==}
    dev: false

  /remove-array-items/1.1.1:
    resolution: {integrity: sha512-MXW/jtHyl5F1PZI7NbpS8SOtympdLuF20aoWJT5lELR1p/HJDd5nqW8Eu9uLh/hCRY3FgvrIT5AwDCgBODklcA==}
    dev: false

  /resolve/1.22.1:
    resolution: {integrity: sha512-nBpuuYuY5jFsli/JIs1oldw6fOQCBioohqWZg/2hiaOybXOft4lonv85uDOKXdf8rhyK159cxU5cDcK/NKk8zw==}
    hasBin: true
    dependencies:
      is-core-module: 2.11.0
      path-parse: 1.0.7
      supports-preserve-symlinks-flag: 1.0.0
    dev: true

  /resource-loader/2.2.4:
    resolution: {integrity: sha512-MrY0bEJN26us3h4bzJUSP0n4tFEb79lCpYBavtLjSezWCcXZMgxhSgvC9LxueuqpcxG+qPjhwFu5SQAcUNacdA==}
    dependencies:
      mini-signals: 1.2.0
      parse-uri: 1.0.7
    dev: false

  /resource-loader/4.0.0-rc4:
    resolution: {integrity: sha512-DuGS7xVDnL6rlDj0gU103N8CGGbEPkwqrIoZlL22/rGb97azFHgeb3DG53INW1MZCiAv9MUZfuk9ZxCIMBCM6g==}
    dependencies:
      parse-uri: 1.0.7
      type-signals: 1.1.0
    dev: false

  /rollup/3.15.0:
    resolution: {integrity: sha512-F9hrCAhnp5/zx/7HYmftvsNBkMfLfk/dXUh73hPSM2E3CRgap65orDNJbLetoiUFwSAk6iHPLvBrZ5iHYvzqsg==}
    engines: {node: '>=14.18.0', npm: '>=8.0.0'}
    hasBin: true
    optionalDependencies:
      fsevents: 2.3.2
    dev: true

  /source-map-js/1.0.2:
    resolution: {integrity: sha512-R0XvVJ9WusLiqTCEiGCmICCMplcCkIwwR11mOSD9CR5u+IXYdiseeEuXCVAjS54zqwkLcPNnmU4OeJ6tUrWhDw==}
    engines: {node: '>=0.10.0'}
    dev: true

  /sprite-timeline/1.10.2:
    resolution: {integrity: sha512-Nu0SNxSy04tyZELMYEjvKVN/2KoluLIXj4qHGrNSLKmQX9sPDegg2EzhnpP50FKQQAEDPHgrYlg3MuQA3cVW1g==}
    dependencies:
      babel-runtime: 6.26.0
    dev: false

  /supports-preserve-symlinks-flag/1.0.0:
    resolution: {integrity: sha512-ot0WnXS9fgdkgIcePe6RHNk1WA8+muPa6cSjeR3V8K27q9BB1rTE3R1p7Hv0z1ZyAc8s6Vvv8DIyWf681MAt0w==}
    engines: {node: '>= 0.4'}
    dev: true

  /type-signals/1.1.0:
    resolution: {integrity: sha512-JzmQSmRNTIcQofZdYW9RHxAP8rrcq/N5I2fBy+V43oOqikOvsCTYlOIIX40Qpmr5GiRmYrptghIog84E1yz1Zg==}
    dev: false

  /typescript/4.9.5:
    resolution: {integrity: sha512-1FXk9E2Hm+QzZQ7z+McJiHL4NW1F2EzMu9Nq9i3zAaGqibafqYwCVU6WyWAuyQRRzOlxou8xZSyXLEN8oKj24g==}
    engines: {node: '>=4.2.0'}
    hasBin: true
    dev: true

  /vite/4.1.1_@types+node@18.14.0:
    resolution: {integrity: sha512-LM9WWea8vsxhr782r9ntg+bhSFS06FJgCvvB0+8hf8UWtvaiDagKYWXndjfX6kGl74keHJUcpzrQliDXZlF5yg==}
    engines: {node: ^14.18.0 || >=16.0.0}
    hasBin: true
    peerDependencies:
      '@types/node': '>= 14'
      less: '*'
      sass: '*'
      stylus: '*'
      sugarss: '*'
      terser: ^5.4.0
    peerDependenciesMeta:
      '@types/node':
        optional: true
      less:
        optional: true
      sass:
        optional: true
      stylus:
        optional: true
      sugarss:
        optional: true
      terser:
        optional: true
    dependencies:
      '@types/node': 18.14.0
      esbuild: 0.16.17
      postcss: 8.4.21
      resolve: 1.22.1
      rollup: 3.15.0
    optionalDependencies:
      fsevents: 2.3.2
    dev: true
